<?xml version="1.0" encoding="utf-8"?>
<Project ToolsVersion="4.0" xmlns="http://schemas.microsoft.com/developer/msbuild/2003">
  <ItemGroup>
    <Filter Include="ソース ファイル">
      <UniqueIdentifier>{4FC737F1-C7A5-4376-A066-2A32D752A2FF}</UniqueIdentifier>
      <Extensions>cpp;c;cc;cxx;c++;cppm;ixx;def;odl;idl;hpj;bat;asm;asmx</Extensions>
    </Filter>
    <Filter Include="ヘッダー ファイル">
      <UniqueIdentifier>{93995380-89BD-4b04-88EB-625FBE52EBFB}</UniqueIdentifier>
      <Extensions>h;hh;hpp;hxx;h++;hm;inl;inc;ipp;xsd</Extensions>
    </Filter>
    <Filter Include="リソース ファイル">
      <UniqueIdentifier>{67DA6AB6-F800-4c08-8B7A-83BB121AAD01}</UniqueIdentifier>
      <Extensions>rc;ico;cur;bmp;dlg;rc2;rct;bin;rgs;gif;jpg;jpeg;jpe;resx;tiff;tif;png;wav;mfcribbon-ms</Extensions>
    </Filter>
  </ItemGroup>
  <ItemGroup>
    <ClInclude Include="Lua\Helpers\LuaHelpers.h">
      <Filter>ヘッダー ファイル</Filter>
    </ClInclude>
    <ClInclude Include="Lua\Manager\LuaManager.h">
      <Filter>ヘッダー ファイル</Filter>
    </ClInclude>
    <ClInclude Include="Lua\Script\LuaScript.h">
      <Filter>ヘッダー ファイル</Filter>
    </ClInclude>
    <ClInclude Include="LuaJIT\dynasm\dasm_arm.h">
      <Filter>ヘッダー ファイル</Filter>
    </ClInclude>
    <ClInclude Include="LuaJIT\dynasm\dasm_arm64.h">
      <Filter>ヘッダー ファイル</Filter>
    </ClInclude>
    <ClInclude Include="LuaJIT\dynasm\dasm_mips.h">
      <Filter>ヘッダー ファイル</Filter>
    </ClInclude>
    <ClInclude Include="LuaJIT\dynasm\dasm_ppc.h">
      <Filter>ヘッダー ファイル</Filter>
    </ClInclude>
    <ClInclude Include="LuaJIT\dynasm\dasm_proto.h">
      <Filter>ヘッダー ファイル</Filter>
    </ClInclude>
    <ClInclude Include="LuaJIT\dynasm\dasm_x86.h">
      <Filter>ヘッダー ファイル</Filter>
    </ClInclude>
    <ClInclude Include="LuaJIT\src\host\buildvm.h">
      <Filter>ヘッダー ファイル</Filter>
    </ClInclude>
    <ClInclude Include="LuaJIT\src\host\buildvm_libbc.h">
      <Filter>ヘッダー ファイル</Filter>
    </ClInclude>
    <ClInclude Include="LuaJIT\src\lauxlib.h">
      <Filter>ヘッダー ファイル</Filter>
    </ClInclude>
    <ClInclude Include="LuaJIT\src\lj_alloc.h">
      <Filter>ヘッダー ファイル</Filter>
    </ClInclude>
    <ClInclude Include="LuaJIT\src\lj_arch.h">
      <Filter>ヘッダー ファイル</Filter>
    </ClInclude>
    <ClInclude Include="LuaJIT\src\lj_asm.h">
      <Filter>ヘッダー ファイル</Filter>
    </ClInclude>
    <ClInclude Include="LuaJIT\src\lj_asm_arm.h">
      <Filter>ヘッダー ファイル</Filter>
    </ClInclude>
    <ClInclude Include="LuaJIT\src\lj_asm_arm64.h">
      <Filter>ヘッダー ファイル</Filter>
    </ClInclude>
    <ClInclude Include="LuaJIT\src\lj_asm_mips.h">
      <Filter>ヘッダー ファイル</Filter>
    </ClInclude>
    <ClInclude Include="LuaJIT\src\lj_asm_ppc.h">
      <Filter>ヘッダー ファイル</Filter>
    </ClInclude>
    <ClInclude Include="LuaJIT\src\lj_asm_x86.h">
      <Filter>ヘッダー ファイル</Filter>
    </ClInclude>
    <ClInclude Include="LuaJIT\src\lj_bc.h">
      <Filter>ヘッダー ファイル</Filter>
    </ClInclude>
    <ClInclude Include="LuaJIT\src\lj_bcdump.h">
      <Filter>ヘッダー ファイル</Filter>
    </ClInclude>
    <ClInclude Include="LuaJIT\src\lj_buf.h">
      <Filter>ヘッダー ファイル</Filter>
    </ClInclude>
    <ClInclude Include="LuaJIT\src\lj_carith.h">
      <Filter>ヘッダー ファイル</Filter>
    </ClInclude>
    <ClInclude Include="LuaJIT\src\lj_ccall.h">
      <Filter>ヘッダー ファイル</Filter>
    </ClInclude>
    <ClInclude Include="LuaJIT\src\lj_ccallback.h">
      <Filter>ヘッダー ファイル</Filter>
    </ClInclude>
    <ClInclude Include="LuaJIT\src\lj_cconv.h">
      <Filter>ヘッダー ファイル</Filter>
    </ClInclude>
    <ClInclude Include="LuaJIT\src\lj_cdata.h">
      <Filter>ヘッダー ファイル</Filter>
    </ClInclude>
    <ClInclude Include="LuaJIT\src\lj_char.h">
      <Filter>ヘッダー ファイル</Filter>
    </ClInclude>
    <ClInclude Include="LuaJIT\src\lj_clib.h">
      <Filter>ヘッダー ファイル</Filter>
    </ClInclude>
    <ClInclude Include="LuaJIT\src\lj_cparse.h">
      <Filter>ヘッダー ファイル</Filter>
    </ClInclude>
    <ClInclude Include="LuaJIT\src\lj_crecord.h">
      <Filter>ヘッダー ファイル</Filter>
    </ClInclude>
    <ClInclude Include="LuaJIT\src\lj_ctype.h">
      <Filter>ヘッダー ファイル</Filter>
    </ClInclude>
    <ClInclude Include="LuaJIT\src\lj_debug.h">
      <Filter>ヘッダー ファイル</Filter>
    </ClInclude>
    <ClInclude Include="LuaJIT\src\lj_def.h">
      <Filter>ヘッダー ファイル</Filter>
    </ClInclude>
    <ClInclude Include="LuaJIT\src\lj_dispatch.h">
      <Filter>ヘッダー ファイル</Filter>
    </ClInclude>
    <ClInclude Include="LuaJIT\src\lj_emit_arm.h">
      <Filter>ヘッダー ファイル</Filter>
    </ClInclude>
    <ClInclude Include="LuaJIT\src\lj_emit_arm64.h">
      <Filter>ヘッダー ファイル</Filter>
    </ClInclude>
    <ClInclude Include="LuaJIT\src\lj_emit_mips.h">
      <Filter>ヘッダー ファイル</Filter>
    </ClInclude>
    <ClInclude Include="LuaJIT\src\lj_emit_ppc.h">
      <Filter>ヘッダー ファイル</Filter>
    </ClInclude>
    <ClInclude Include="LuaJIT\src\lj_emit_x86.h">
      <Filter>ヘッダー ファイル</Filter>
    </ClInclude>
    <ClInclude Include="LuaJIT\src\lj_err.h">
      <Filter>ヘッダー ファイル</Filter>
    </ClInclude>
    <ClInclude Include="LuaJIT\src\lj_errmsg.h">
      <Filter>ヘッダー ファイル</Filter>
    </ClInclude>
    <ClInclude Include="LuaJIT\src\lj_ff.h">
      <Filter>ヘッダー ファイル</Filter>
    </ClInclude>
    <ClInclude Include="LuaJIT\src\lj_ffrecord.h">
      <Filter>ヘッダー ファイル</Filter>
    </ClInclude>
    <ClInclude Include="LuaJIT\src\lj_frame.h">
      <Filter>ヘッダー ファイル</Filter>
    </ClInclude>
    <ClInclude Include="LuaJIT\src\lj_func.h">
      <Filter>ヘッダー ファイル</Filter>
    </ClInclude>
    <ClInclude Include="LuaJIT\src\lj_gc.h">
      <Filter>ヘッダー ファイル</Filter>
    </ClInclude>
    <ClInclude Include="LuaJIT\src\lj_gdbjit.h">
      <Filter>ヘッダー ファイル</Filter>
    </ClInclude>
    <ClInclude Include="LuaJIT\src\lj_ir.h">
      <Filter>ヘッダー ファイル</Filter>
    </ClInclude>
    <ClInclude Include="LuaJIT\src\lj_ircall.h">
      <Filter>ヘッダー ファイル</Filter>
    </ClInclude>
    <ClInclude Include="LuaJIT\src\lj_iropt.h">
      <Filter>ヘッダー ファイル</Filter>
    </ClInclude>
    <ClInclude Include="LuaJIT\src\lj_jit.h">
      <Filter>ヘッダー ファイル</Filter>
    </ClInclude>
    <ClInclude Include="LuaJIT\src\lj_lex.h">
      <Filter>ヘッダー ファイル</Filter>
    </ClInclude>
    <ClInclude Include="LuaJIT\src\lj_lib.h">
      <Filter>ヘッダー ファイル</Filter>
    </ClInclude>
    <ClInclude Include="LuaJIT\src\lj_mcode.h">
      <Filter>ヘッダー ファイル</Filter>
    </ClInclude>
    <ClInclude Include="LuaJIT\src\lj_meta.h">
      <Filter>ヘッダー ファイル</Filter>
    </ClInclude>
    <ClInclude Include="LuaJIT\src\lj_obj.h">
      <Filter>ヘッダー ファイル</Filter>
    </ClInclude>
    <ClInclude Include="LuaJIT\src\lj_parse.h">
      <Filter>ヘッダー ファイル</Filter>
    </ClInclude>
    <ClInclude Include="LuaJIT\src\lj_prng.h">
      <Filter>ヘッダー ファイル</Filter>
    </ClInclude>
    <ClInclude Include="LuaJIT\src\lj_profile.h">
      <Filter>ヘッダー ファイル</Filter>
    </ClInclude>
    <ClInclude Include="LuaJIT\src\lj_record.h">
      <Filter>ヘッダー ファイル</Filter>
    </ClInclude>
    <ClInclude Include="LuaJIT\src\lj_serialize.h">
      <Filter>ヘッダー ファイル</Filter>
    </ClInclude>
    <ClInclude Include="LuaJIT\src\lj_snap.h">
      <Filter>ヘッダー ファイル</Filter>
    </ClInclude>
    <ClInclude Include="LuaJIT\src\lj_state.h">
      <Filter>ヘッダー ファイル</Filter>
    </ClInclude>
    <ClInclude Include="LuaJIT\src\lj_str.h">
      <Filter>ヘッダー ファイル</Filter>
    </ClInclude>
    <ClInclude Include="LuaJIT\src\lj_strfmt.h">
      <Filter>ヘッダー ファイル</Filter>
    </ClInclude>
    <ClInclude Include="LuaJIT\src\lj_strscan.h">
      <Filter>ヘッダー ファイル</Filter>
    </ClInclude>
    <ClInclude Include="LuaJIT\src\lj_tab.h">
      <Filter>ヘッダー ファイル</Filter>
    </ClInclude>
    <ClInclude Include="LuaJIT\src\lj_target.h">
      <Filter>ヘッダー ファイル</Filter>
    </ClInclude>
    <ClInclude Include="LuaJIT\src\lj_target_arm.h">
      <Filter>ヘッダー ファイル</Filter>
    </ClInclude>
    <ClInclude Include="LuaJIT\src\lj_target_arm64.h">
      <Filter>ヘッダー ファイル</Filter>
    </ClInclude>
    <ClInclude Include="LuaJIT\src\lj_target_mips.h">
      <Filter>ヘッダー ファイル</Filter>
    </ClInclude>
    <ClInclude Include="LuaJIT\src\lj_target_ppc.h">
      <Filter>ヘッダー ファイル</Filter>
    </ClInclude>
    <ClInclude Include="LuaJIT\src\lj_target_x86.h">
      <Filter>ヘッダー ファイル</Filter>
    </ClInclude>
    <ClInclude Include="LuaJIT\src\lj_trace.h">
      <Filter>ヘッダー ファイル</Filter>
    </ClInclude>
    <ClInclude Include="LuaJIT\src\lj_traceerr.h">
      <Filter>ヘッダー ファイル</Filter>
    </ClInclude>
    <ClInclude Include="LuaJIT\src\lj_udata.h">
      <Filter>ヘッダー ファイル</Filter>
    </ClInclude>
    <ClInclude Include="LuaJIT\src\lj_vm.h">
      <Filter>ヘッダー ファイル</Filter>
    </ClInclude>
    <ClInclude Include="LuaJIT\src\lj_vmevent.h">
      <Filter>ヘッダー ファイル</Filter>
    </ClInclude>
    <ClInclude Include="LuaJIT\src\lua.h">
      <Filter>ヘッダー ファイル</Filter>
    </ClInclude>
    <ClInclude Include="LuaJIT\src\lua.hpp">
      <Filter>ヘッダー ファイル</Filter>
    </ClInclude>
    <ClInclude Include="LuaJIT\src\luaconf.h">
      <Filter>ヘッダー ファイル</Filter>
    </ClInclude>
    <ClInclude Include="LuaJIT\src\luajit.h">
      <Filter>ヘッダー ファイル</Filter>
    </ClInclude>
    <ClInclude Include="LuaJIT\src\luajit_rolling.h">
      <Filter>ヘッダー ファイル</Filter>
    </ClInclude>
    <ClInclude Include="LuaJIT\src\lualib.h">
      <Filter>ヘッダー ファイル</Filter>
    </ClInclude>
  </ItemGroup>
  <ItemGroup>
    <ClCompile Include="Lua\Manager\LuaManager.cpp">
      <Filter>ソース ファイル</Filter>
    </ClCompile>
    <ClCompile Include="LuaJIT\src\host\buildvm.c">
      <Filter>ソース ファイル</Filter>
    </ClCompile>
    <ClCompile Include="LuaJIT\src\host\buildvm_asm.c">
      <Filter>ソース ファイル</Filter>
    </ClCompile>
    <ClCompile Include="LuaJIT\src\host\buildvm_fold.c">
      <Filter>ソース ファイル</Filter>
    </ClCompile>
    <ClCompile Include="LuaJIT\src\host\buildvm_lib.c">
      <Filter>ソース ファイル</Filter>
    </ClCompile>
    <ClCompile Include="LuaJIT\src\host\buildvm_peobj.c">
      <Filter>ソース ファイル</Filter>
    </ClCompile>
    <ClCompile Include="LuaJIT\src\host\minilua.c">
      <Filter>ソース ファイル</Filter>
    </ClCompile>
    <ClCompile Include="LuaJIT\src\lib_aux.c">
      <Filter>ソース ファイル</Filter>
    </ClCompile>
    <ClCompile Include="LuaJIT\src\lib_base.c">
      <Filter>ソース ファイル</Filter>
    </ClCompile>
    <ClCompile Include="LuaJIT\src\lib_bit.c">
      <Filter>ソース ファイル</Filter>
    </ClCompile>
    <ClCompile Include="LuaJIT\src\lib_buffer.c">
      <Filter>ソース ファイル</Filter>
    </ClCompile>
    <ClCompile Include="LuaJIT\src\lib_debug.c">
      <Filter>ソース ファイル</Filter>
    </ClCompile>
    <ClCompile Include="LuaJIT\src\lib_ffi.c">
      <Filter>ソース ファイル</Filter>
    </ClCompile>
    <ClCompile Include="LuaJIT\src\lib_init.c">
      <Filter>ソース ファイル</Filter>
    </ClCompile>
    <ClCompile Include="LuaJIT\src\lib_io.c">
      <Filter>ソース ファイル</Filter>
    </ClCompile>
    <ClCompile Include="LuaJIT\src\lib_jit.c">
      <Filter>ソース ファイル</Filter>
    </ClCompile>
    <ClCompile Include="LuaJIT\src\lib_math.c">
      <Filter>ソース ファイル</Filter>
    </ClCompile>
    <ClCompile Include="LuaJIT\src\lib_os.c">
      <Filter>ソース ファイル</Filter>
    </ClCompile>
    <ClCompile Include="LuaJIT\src\lib_package.c">
      <Filter>ソース ファイル</Filter>
    </ClCompile>
    <ClCompile Include="LuaJIT\src\lib_string.c">
      <Filter>ソース ファイル</Filter>
    </ClCompile>
    <ClCompile Include="LuaJIT\src\lib_table.c">
      <Filter>ソース ファイル</Filter>
    </ClCompile>
    <ClCompile Include="LuaJIT\src\lj_alloc.c">
      <Filter>ソース ファイル</Filter>
    </ClCompile>
    <ClCompile Include="LuaJIT\src\lj_api.c">
      <Filter>ソース ファイル</Filter>
    </ClCompile>
    <ClCompile Include="LuaJIT\src\lj_asm.c">
      <Filter>ソース ファイル</Filter>
    </ClCompile>
    <ClCompile Include="LuaJIT\src\lj_assert.c">
      <Filter>ソース ファイル</Filter>
    </ClCompile>
    <ClCompile Include="LuaJIT\src\lj_bc.c">
      <Filter>ソース ファイル</Filter>
    </ClCompile>
    <ClCompile Include="LuaJIT\src\lj_bcread.c">
      <Filter>ソース ファイル</Filter>
    </ClCompile>
    <ClCompile Include="LuaJIT\src\lj_bcwrite.c">
      <Filter>ソース ファイル</Filter>
    </ClCompile>
    <ClCompile Include="LuaJIT\src\lj_buf.c">
      <Filter>ソース ファイル</Filter>
    </ClCompile>
    <ClCompile Include="LuaJIT\src\lj_carith.c">
      <Filter>ソース ファイル</Filter>
    </ClCompile>
    <ClCompile Include="LuaJIT\src\lj_ccall.c">
      <Filter>ソース ファイル</Filter>
    </ClCompile>
    <ClCompile Include="LuaJIT\src\lj_ccallback.c">
      <Filter>ソース ファイル</Filter>
    </ClCompile>
    <ClCompile Include="LuaJIT\src\lj_cconv.c">
      <Filter>ソース ファイル</Filter>
    </ClCompile>
    <ClCompile Include="LuaJIT\src\lj_cdata.c">
      <Filter>ソース ファイル</Filter>
    </ClCompile>
    <ClCompile Include="LuaJIT\src\lj_char.c">
      <Filter>ソース ファイル</Filter>
    </ClCompile>
    <ClCompile Include="LuaJIT\src\lj_clib.c">
      <Filter>ソース ファイル</Filter>
    </ClCompile>
    <ClCompile Include="LuaJIT\src\lj_cparse.c">
      <Filter>ソース ファイル</Filter>
    </ClCompile>
    <ClCompile Include="LuaJIT\src\lj_crecord.c">
      <Filter>ソース ファイル</Filter>
    </ClCompile>
    <ClCompile Include="LuaJIT\src\lj_ctype.c">
      <Filter>ソース ファイル</Filter>
    </ClCompile>
    <ClCompile Include="LuaJIT\src\lj_debug.c">
      <Filter>ソース ファイル</Filter>
    </ClCompile>
    <ClCompile Include="LuaJIT\src\lj_dispatch.c">
      <Filter>ソース ファイル</Filter>
    </ClCompile>
    <ClCompile Include="LuaJIT\src\lj_err.c">
      <Filter>ソース ファイル</Filter>
    </ClCompile>
    <ClCompile Include="LuaJIT\src\lj_ffrecord.c">
      <Filter>ソース ファイル</Filter>
    </ClCompile>
    <ClCompile Include="LuaJIT\src\lj_func.c">
      <Filter>ソース ファイル</Filter>
    </ClCompile>
    <ClCompile Include="LuaJIT\src\lj_gc.c">
      <Filter>ソース ファイル</Filter>
    </ClCompile>
    <ClCompile Include="LuaJIT\src\lj_gdbjit.c">
      <Filter>ソース ファイル</Filter>
    </ClCompile>
    <ClCompile Include="LuaJIT\src\lj_ir.c">
      <Filter>ソース ファイル</Filter>
    </ClCompile>
    <ClCompile Include="LuaJIT\src\lj_lex.c">
      <Filter>ソース ファイル</Filter>
    </ClCompile>
    <ClCompile Include="LuaJIT\src\lj_lib.c">
      <Filter>ソース ファイル</Filter>
    </ClCompile>
    <ClCompile Include="LuaJIT\src\lj_load.c">
      <Filter>ソース ファイル</Filter>
    </ClCompile>
    <ClCompile Include="LuaJIT\src\lj_mcode.c">
      <Filter>ソース ファイル</Filter>
    </ClCompile>
    <ClCompile Include="LuaJIT\src\lj_meta.c">
      <Filter>ソース ファイル</Filter>
    </ClCompile>
    <ClCompile Include="LuaJIT\src\lj_obj.c">
      <Filter>ソース ファイル</Filter>
    </ClCompile>
    <ClCompile Include="LuaJIT\src\lj_opt_dce.c">
      <Filter>ソース ファイル</Filter>
    </ClCompile>
    <ClCompile Include="LuaJIT\src\lj_opt_fold.c">
      <Filter>ソース ファイル</Filter>
    </ClCompile>
    <ClCompile Include="LuaJIT\src\lj_opt_loop.c">
      <Filter>ソース ファイル</Filter>
    </ClCompile>
    <ClCompile Include="LuaJIT\src\lj_opt_mem.c">
      <Filter>ソース ファイル</Filter>
    </ClCompile>
    <ClCompile Include="LuaJIT\src\lj_opt_narrow.c">
      <Filter>ソース ファイル</Filter>
    </ClCompile>
    <ClCompile Include="LuaJIT\src\lj_opt_sink.c">
      <Filter>ソース ファイル</Filter>
    </ClCompile>
    <ClCompile Include="LuaJIT\src\lj_opt_split.c">
      <Filter>ソース ファイル</Filter>
    </ClCompile>
    <ClCompile Include="LuaJIT\src\lj_parse.c">
      <Filter>ソース ファイル</Filter>
    </ClCompile>
    <ClCompile Include="LuaJIT\src\lj_prng.c">
      <Filter>ソース ファイル</Filter>
    </ClCompile>
    <ClCompile Include="LuaJIT\src\lj_profile.c">
      <Filter>ソース ファイル</Filter>
    </ClCompile>
    <ClCompile Include="LuaJIT\src\lj_record.c">
      <Filter>ソース ファイル</Filter>
    </ClCompile>
    <ClCompile Include="LuaJIT\src\lj_serialize.c">
      <Filter>ソース ファイル</Filter>
    </ClCompile>
    <ClCompile Include="LuaJIT\src\lj_snap.c">
      <Filter>ソース ファイル</Filter>
    </ClCompile>
    <ClCompile Include="LuaJIT\src\lj_state.c">
      <Filter>ソース ファイル</Filter>
    </ClCompile>
    <ClCompile Include="LuaJIT\src\lj_str.c">
      <Filter>ソース ファイル</Filter>
    </ClCompile>
    <ClCompile Include="LuaJIT\src\lj_strfmt.c">
      <Filter>ソース ファイル</Filter>
    </ClCompile>
    <ClCompile Include="LuaJIT\src\lj_strfmt_num.c">
      <Filter>ソース ファイル</Filter>
    </ClCompile>
    <ClCompile Include="LuaJIT\src\lj_strscan.c">
      <Filter>ソース ファイル</Filter>
    </ClCompile>
    <ClCompile Include="LuaJIT\src\lj_tab.c">
      <Filter>ソース ファイル</Filter>
    </ClCompile>
    <ClCompile Include="LuaJIT\src\lj_trace.c">
      <Filter>ソース ファイル</Filter>
    </ClCompile>
    <ClCompile Include="LuaJIT\src\lj_udata.c">
      <Filter>ソース ファイル</Filter>
    </ClCompile>
    <ClCompile Include="LuaJIT\src\lj_vmevent.c">
      <Filter>ソース ファイル</Filter>
    </ClCompile>
    <ClCompile Include="LuaJIT\src\lj_vmmath.c">
      <Filter>ソース ファイル</Filter>
    </ClCompile>
    <ClCompile Include="LuaJIT\src\ljamalg.c">
      <Filter>ソース ファイル</Filter>
    </ClCompile>
    <ClCompile Include="LuaJIT\src\luajit.c">
      <Filter>ソース ファイル</Filter>
    </ClCompile>
  </ItemGroup>
  <ItemGroup>
    <None Include="LuaJIT\doc\contact.html" />
    <None Include="LuaJIT\doc\ext_buffer.html" />
    <None Include="LuaJIT\doc\ext_c_api.html" />
    <None Include="LuaJIT\doc\ext_ffi.html" />
    <None Include="LuaJIT\doc\ext_ffi_api.html" />
    <None Include="LuaJIT\doc\ext_ffi_semantics.html" />
    <None Include="LuaJIT\doc\ext_ffi_tutorial.html" />
    <None Include="LuaJIT\doc\ext_jit.html" />
    <None Include="LuaJIT\doc\ext_profiler.html" />
    <None Include="LuaJIT\doc\extensions.html" />
    <None Include="LuaJIT\doc\install.html" />
    <None Include="LuaJIT\doc\luajit.html" />
    <None Include="LuaJIT\doc\running.html" />
  </ItemGroup>
</Project>